
Microsoft Visual Studio Solution File, Format Version 12.00
# Visual Studio Version 16
VisualStudioVersion = 16.0.30621.155
MinimumVisualStudioVersion = 10.0.40219.1
Project("{FAE04EC0-301F-11D3-BF4B-00C04F79EFBC}") = "CustomListClass", "CustomListClass\CustomListClass.csproj", "{483A7230-FF4E-47A3-8F6F-B42B43F7ABE2}"
EndProject
Project("{FAE04EC0-301F-11D3-BF4B-00C04F79EFBC}") = "TestAddClass", "TestAddClass\TestAddClass.csproj", "{92810F23-E5B5-4EBA-AB2F-AE39B90CED7B}"
EndProject
Global
	GlobalSection(SolutionConfigurationPlatforms) = preSolution
		Debug|Any CPU = Debug|Any CPU
		Release|Any CPU = Release|Any CPU
	EndGlobalSection
	GlobalSection(ProjectConfigurationPlatforms) = postSolution
		{483A7230-FF4E-47A3-8F6F-B42B43F7ABE2}.Debug|Any CPU.ActiveCfg = Debug|Any CPU
		{483A7230-FF4E-47A3-8F6F-B42B43F7ABE2}.Debug|Any CPU.Build.0 = Debug|Any CPU
		{483A7230-FF4E-47A3-8F6F-B42B43F7ABE2}.Release|Any CPU.ActiveCfg = Release|Any CPU
		{483A7230-FF4E-47A3-8F6F-B42B43F7ABE2}.Release|Any CPU.Build.0 = Release|Any CPU
		{92810F23-E5B5-4EBA-AB2F-AE39B90CED7B}.Debug|Any CPU.ActiveCfg = Debug|Any CPU
		{92810F23-E5B5-4EBA-AB2F-AE39B90CED7B}.Debug|Any CPU.Build.0 = Debug|Any CPU
		{92810F23-E5B5-4EBA-AB2F-AE39B90CED7B}.Release|Any CPU.ActiveCfg = Release|Any CPU
		{92810F23-E5B5-4EBA-AB2F-AE39B90CED7B}.Release|Any CPU.Build.0 = Release|Any CPU
	EndGlobalSection
	GlobalSection(SolutionProperties) = preSolution
		HideSolutionNode = FALSE
	EndGlobalSection
	GlobalSection(ExtensibilityGlobals) = postSolution
		SolutionGuid = {F7220A7B-06C6-4511-857B-9D210CB4DFC1}
	EndGlobalSection
EndGlobal
